PODS:
  - Masonry (0.6.2)
  - TRCropViewController (1.0.9):
    - Masonry (~> 0.6.2)

DEPENDENCIES:
  - TRCropViewController (from `../`)

EXTERNAL SOURCES:
  TRCropViewController:
    :path: ../

SPEC CHECKSUMS:
  Masonry: 362e8a1cc0beada4a4c4832d5e863da2a51533be
  TRCropViewController: e403ffa984af21a229322518bf1a57944a35f63a

COCOAPODS: 0.39.0
