// !$*UTF8*$!
{
	archiveVersion = 1;
	classes = {
	};
	objectVersion = 46;
	objects = {

/* Begin PBXBuildFile section */
		C0B5AC1F1BE21B8400F60B0F /* main.m in Sources */ = {isa = PBXBuildFile; fileRef = C0B5AC1E1BE21B8400F60B0F /* main.m */; };
		C0B5AC221BE21B8400F60B0F /* AppDelegate.m in Sources */ = {isa = PBXBuildFile; fileRef = C0B5AC211BE21B8400F60B0F /* AppDelegate.m */; };
		C0B5AC251BE21B8400F60B0F /* ViewController.m in Sources */ = {isa = PBXBuildFile; fileRef = C0B5AC241BE21B8400F60B0F /* ViewController.m */; };
		C0B5AC281BE21B8400F60B0F /* Main.storyboard in Resources */ = {isa = PBXBuildFile; fileRef = C0B5AC261BE21B8400F60B0F /* Main.storyboard */; };
		C0B5AC2A1BE21B8400F60B0F /* Assets.xcassets in Resources */ = {isa = PBXBuildFile; fileRef = C0B5AC291BE21B8400F60B0F /* Assets.xcassets */; };
		C0B5AC381BE21B8400F60B0F /* exampleTests.m in Sources */ = {isa = PBXBuildFile; fileRef = C0B5AC371BE21B8400F60B0F /* exampleTests.m */; };
		C0B5AC431BE21B8400F60B0F /* exampleUITests.m in Sources */ = {isa = PBXBuildFile; fileRef = C0B5AC421BE21B8400F60B0F /* exampleUITests.m */; };
		F5B0B824D7A417D3017FAC42 /* libPods-example.a in Frameworks */ = {isa = PBXBuildFile; fileRef = 3E026537C8014B8A56332A02 /* libPods-example.a */; };
/* End PBXBuildFile section */

/* Begin PBXContainerItemProxy section */
		C0B5AC341BE21B8400F60B0F /* PBXContainerItemProxy */ = {
			isa = PBXContainerItemProxy;
			containerPortal = C0B5AC121BE21B8400F60B0F /* Project object */;
			proxyType = 1;
			remoteGlobalIDString = C0B5AC191BE21B8400F60B0F;
			remoteInfo = example;
		};
		C0B5AC3F1BE21B8400F60B0F /* PBXContainerItemProxy */ = {
			isa = PBXContainerItemProxy;
			containerPortal = C0B5AC121BE21B8400F60B0F /* Project object */;
			proxyType = 1;
			remoteGlobalIDString = C0B5AC191BE21B8400F60B0F;
			remoteInfo = example;
		};
/* End PBXContainerItemProxy section */

/* Begin PBXFileReference section */
		3E026537C8014B8A56332A02 /* libPods-example.a */ = {isa = PBXFileReference; explicitFileType = archive.ar; includeInIndex = 0; path = "libPods-example.a"; sourceTree = BUILT_PRODUCTS_DIR; };
		C0B5AC1A1BE21B8400F60B0F /* example.app */ = {isa = PBXFileReference; explicitFileType = wrapper.application; includeInIndex = 0; path = example.app; sourceTree = BUILT_PRODUCTS_DIR; };
		C0B5AC1E1BE21B8400F60B0F /* main.m */ = {isa = PBXFileReference; lastKnownFileType = sourcecode.c.objc; path = main.m; sourceTree = "<group>"; };
		C0B5AC201BE21B8400F60B0F /* AppDelegate.h */ = {isa = PBXFileReference; lastKnownFileType = sourcecode.c.h; path = AppDelegate.h; sourceTree = "<group>"; };
		C0B5AC211BE21B8400F60B0F /* AppDelegate.m */ = {isa = PBXFileReference; lastKnownFileType = sourcecode.c.objc; path = AppDelegate.m; sourceTree = "<group>"; };
		C0B5AC231BE21B8400F60B0F /* ViewController.h */ = {isa = PBXFileReference; lastKnownFileType = sourcecode.c.h; path = ViewController.h; sourceTree = "<group>"; };
		C0B5AC241BE21B8400F60B0F /* ViewController.m */ = {isa = PBXFileReference; lastKnownFileType = sourcecode.c.objc; path = ViewController.m; sourceTree = "<group>"; };
		C0B5AC271BE21B8400F60B0F /* Base */ = {isa = PBXFileReference; lastKnownFileType = file.storyboard; name = Base; path = Base.lproj/Main.storyboard; sourceTree = "<group>"; };
		C0B5AC291BE21B8400F60B0F /* Assets.xcassets */ = {isa = PBXFileReference; lastKnownFileType = folder.assetcatalog; path = Assets.xcassets; sourceTree = "<group>"; };
		C0B5AC2E1BE21B8400F60B0F /* Info.plist */ = {isa = PBXFileReference; lastKnownFileType = text.plist.xml; path = Info.plist; sourceTree = "<group>"; };
		C0B5AC331BE21B8400F60B0F /* exampleTests.xctest */ = {isa = PBXFileReference; explicitFileType = wrapper.cfbundle; includeInIndex = 0; path = exampleTests.xctest; sourceTree = BUILT_PRODUCTS_DIR; };
		C0B5AC371BE21B8400F60B0F /* exampleTests.m */ = {isa = PBXFileReference; lastKnownFileType = sourcecode.c.objc; path = exampleTests.m; sourceTree = "<group>"; };
		C0B5AC391BE21B8400F60B0F /* Info.plist */ = {isa = PBXFileReference; lastKnownFileType = text.plist.xml; path = Info.plist; sourceTree = "<group>"; };
		C0B5AC3E1BE21B8400F60B0F /* exampleUITests.xctest */ = {isa = PBXFileReference; explicitFileType = wrapper.cfbundle; includeInIndex = 0; path = exampleUITests.xctest; sourceTree = BUILT_PRODUCTS_DIR; };
		C0B5AC421BE21B8400F60B0F /* exampleUITests.m */ = {isa = PBXFileReference; lastKnownFileType = sourcecode.c.objc; path = exampleUITests.m; sourceTree = "<group>"; };
		C0B5AC441BE21B8400F60B0F /* Info.plist */ = {isa = PBXFileReference; lastKnownFileType = text.plist.xml; path = Info.plist; sourceTree = "<group>"; };
		C0B5AC501BE21C2500F60B0F /* Podfile */ = {isa = PBXFileReference; lastKnownFileType = text; path = Podfile; sourceTree = "<group>"; };
		C0BAB5C01BE244E9004D0C17 /* TRCropViewController.podspec */ = {isa = PBXFileReference; lastKnownFileType = text; name = TRCropViewController.podspec; path = ../TRCropViewController.podspec; sourceTree = "<group>"; };
		D5B3D1711E79B8A252AC4443 /* Pods-example.release.xcconfig */ = {isa = PBXFileReference; includeInIndex = 1; lastKnownFileType = text.xcconfig; name = "Pods-example.release.xcconfig"; path = "Pods/Target Support Files/Pods-example/Pods-example.release.xcconfig"; sourceTree = "<group>"; };
		ECFC8869633209264BEB7D18 /* Pods-example.debug.xcconfig */ = {isa = PBXFileReference; includeInIndex = 1; lastKnownFileType = text.xcconfig; name = "Pods-example.debug.xcconfig"; path = "Pods/Target Support Files/Pods-example/Pods-example.debug.xcconfig"; sourceTree = "<group>"; };
/* End PBXFileReference section */

/* Begin PBXFrameworksBuildPhase section */
		C0B5AC171BE21B8400F60B0F /* Frameworks */ = {
			isa = PBXFrameworksBuildPhase;
			buildActionMask = 2147483647;
			files = (
				F5B0B824D7A417D3017FAC42 /* libPods-example.a in Frameworks */,
			);
			runOnlyForDeploymentPostprocessing = 0;
		};
		C0B5AC301BE21B8400F60B0F /* Frameworks */ = {
			isa = PBXFrameworksBuildPhase;
			buildActionMask = 2147483647;
			files = (
			);
			runOnlyForDeploymentPostprocessing = 0;
		};
		C0B5AC3B1BE21B8400F60B0F /* Frameworks */ = {
			isa = PBXFrameworksBuildPhase;
			buildActionMask = 2147483647;
			files = (
			);
			runOnlyForDeploymentPostprocessing = 0;
		};
/* End PBXFrameworksBuildPhase section */

/* Begin PBXGroup section */
		A856E7107E1C8CF6B7255EA2 /* Pods */ = {
			isa = PBXGroup;
			children = (
				ECFC8869633209264BEB7D18 /* Pods-example.debug.xcconfig */,
				D5B3D1711E79B8A252AC4443 /* Pods-example.release.xcconfig */,
			);
			name = Pods;
			sourceTree = "<group>";
		};
		C08729E099C5E5A5ED8B72E9 /* Frameworks */ = {
			isa = PBXGroup;
			children = (
				3E026537C8014B8A56332A02 /* libPods-example.a */,
			);
			name = Frameworks;
			sourceTree = "<group>";
		};
		C0B5AC111BE21B8400F60B0F = {
			isa = PBXGroup;
			children = (
				C0B5AC501BE21C2500F60B0F /* Podfile */,
				C0BAB5C01BE244E9004D0C17 /* TRCropViewController.podspec */,
				C0B5AC1C1BE21B8400F60B0F /* example */,
				C0B5AC361BE21B8400F60B0F /* exampleTests */,
				C0B5AC411BE21B8400F60B0F /* exampleUITests */,
				C0B5AC1B1BE21B8400F60B0F /* Products */,
				A856E7107E1C8CF6B7255EA2 /* Pods */,
				C08729E099C5E5A5ED8B72E9 /* Frameworks */,
			);
			sourceTree = "<group>";
		};
		C0B5AC1B1BE21B8400F60B0F /* Products */ = {
			isa = PBXGroup;
			children = (
				C0B5AC1A1BE21B8400F60B0F /* example.app */,
				C0B5AC331BE21B8400F60B0F /* exampleTests.xctest */,
				C0B5AC3E1BE21B8400F60B0F /* exampleUITests.xctest */,
			);
			name = Products;
			sourceTree = "<group>";
		};
		C0B5AC1C1BE21B8400F60B0F /* example */ = {
			isa = PBXGroup;
			children = (
				C0B5AC201BE21B8400F60B0F /* AppDelegate.h */,
				C0B5AC211BE21B8400F60B0F /* AppDelegate.m */,
				C0B5AC231BE21B8400F60B0F /* ViewController.h */,
				C0B5AC241BE21B8400F60B0F /* ViewController.m */,
				C0B5AC261BE21B8400F60B0F /* Main.storyboard */,
				C0B5AC291BE21B8400F60B0F /* Assets.xcassets */,
				C0B5AC2E1BE21B8400F60B0F /* Info.plist */,
				C0B5AC1D1BE21B8400F60B0F /* Supporting Files */,
			);
			path = example;
			sourceTree = "<group>";
		};
		C0B5AC1D1BE21B8400F60B0F /* Supporting Files */ = {
			isa = PBXGroup;
			children = (
				C0B5AC1E1BE21B8400F60B0F /* main.m */,
			);
			name = "Supporting Files";
			sourceTree = "<group>";
		};
		C0B5AC361BE21B8400F60B0F /* exampleTests */ = {
			isa = PBXGroup;
			children = (
				C0B5AC371BE21B8400F60B0F /* exampleTests.m */,
				C0B5AC391BE21B8400F60B0F /* Info.plist */,
			);
			path = exampleTests;
			sourceTree = "<group>";
		};
		C0B5AC411BE21B8400F60B0F /* exampleUITests */ = {
			isa = PBXGroup;
			children = (
				C0B5AC421BE21B8400F60B0F /* exampleUITests.m */,
				C0B5AC441BE21B8400F60B0F /* Info.plist */,
			);
			path = exampleUITests;
			sourceTree = "<group>";
		};
/* End PBXGroup section */

/* Begin PBXNativeTarget section */
		C0B5AC191BE21B8400F60B0F /* example */ = {
			isa = PBXNativeTarget;
			buildConfigurationList = C0B5AC471BE21B8400F60B0F /* Build configuration list for PBXNativeTarget "example" */;
			buildPhases = (
				C11147F49BE6978FFCD676E6 /* Check Pods Manifest.lock */,
				C0B5AC161BE21B8400F60B0F /* Sources */,
				C0B5AC171BE21B8400F60B0F /* Frameworks */,
				C0B5AC181BE21B8400F60B0F /* Resources */,
				F372C844E8233BD2B5F9FF34 /* Embed Pods Frameworks */,
				4B8480031561B4AA582283EA /* Copy Pods Resources */,
			);
			buildRules = (
			);
			dependencies = (
			);
			name = example;
			productName = example;
			productReference = C0B5AC1A1BE21B8400F60B0F /* example.app */;
			productType = "com.apple.product-type.application";
		};
		C0B5AC321BE21B8400F60B0F /* exampleTests */ = {
			isa = PBXNativeTarget;
			buildConfigurationList = C0B5AC4A1BE21B8400F60B0F /* Build configuration list for PBXNativeTarget "exampleTests" */;
			buildPhases = (
				C0B5AC2F1BE21B8400F60B0F /* Sources */,
				C0B5AC301BE21B8400F60B0F /* Frameworks */,
				C0B5AC311BE21B8400F60B0F /* Resources */,
			);
			buildRules = (
			);
			dependencies = (
				C0B5AC351BE21B8400F60B0F /* PBXTargetDependency */,
			);
			name = exampleTests;
			productName = exampleTests;
			productReference = C0B5AC331BE21B8400F60B0F /* exampleTests.xctest */;
			productType = "com.apple.product-type.bundle.unit-test";
		};
		C0B5AC3D1BE21B8400F60B0F /* exampleUITests */ = {
			isa = PBXNativeTarget;
			buildConfigurationList = C0B5AC4D1BE21B8400F60B0F /* Build configuration list for PBXNativeTarget "exampleUITests" */;
			buildPhases = (
				C0B5AC3A1BE21B8400F60B0F /* Sources */,
				C0B5AC3B1BE21B8400F60B0F /* Frameworks */,
				C0B5AC3C1BE21B8400F60B0F /* Resources */,
			);
			buildRules = (
			);
			dependencies = (
				C0B5AC401BE21B8400F60B0F /* PBXTargetDependency */,
			);
			name = exampleUITests;
			productName = exampleUITests;
			productReference = C0B5AC3E1BE21B8400F60B0F /* exampleUITests.xctest */;
			productType = "com.apple.product-type.bundle.ui-testing";
		};
/* End PBXNativeTarget section */

/* Begin PBXProject section */
		C0B5AC121BE21B8400F60B0F /* Project object */ = {
			isa = PBXProject;
			attributes = {
				LastUpgradeCheck = 0700;
				ORGANIZATIONNAME = "joshua li";
				TargetAttributes = {
					C0B5AC191BE21B8400F60B0F = {
						CreatedOnToolsVersion = 7.0.1;
					};
					C0B5AC321BE21B8400F60B0F = {
						CreatedOnToolsVersion = 7.0.1;
						TestTargetID = C0B5AC191BE21B8400F60B0F;
					};
					C0B5AC3D1BE21B8400F60B0F = {
						CreatedOnToolsVersion = 7.0.1;
						TestTargetID = C0B5AC191BE21B8400F60B0F;
					};
				};
			};
			buildConfigurationList = C0B5AC151BE21B8400F60B0F /* Build configuration list for PBXProject "example" */;
			compatibilityVersion = "Xcode 3.2";
			developmentRegion = English;
			hasScannedForEncodings = 0;
			knownRegions = (
				en,
				Base,
			);
			mainGroup = C0B5AC111BE21B8400F60B0F;
			productRefGroup = C0B5AC1B1BE21B8400F60B0F /* Products */;
			projectDirPath = "";
			projectRoot = "";
			targets = (
				C0B5AC191BE21B8400F60B0F /* example */,
				C0B5AC321BE21B8400F60B0F /* exampleTests */,
				C0B5AC3D1BE21B8400F60B0F /* exampleUITests */,
			);
		};
/* End PBXProject section */

/* Begin PBXResourcesBuildPhase section */
		C0B5AC181BE21B8400F60B0F /* Resources */ = {
			isa = PBXResourcesBuildPhase;
			buildActionMask = 2147483647;
			files = (
				C0B5AC2A1BE21B8400F60B0F /* Assets.xcassets in Resources */,
				C0B5AC281BE21B8400F60B0F /* Main.storyboard in Resources */,
			);
			runOnlyForDeploymentPostprocessing = 0;
		};
		C0B5AC311BE21B8400F60B0F /* Resources */ = {
			isa = PBXResourcesBuildPhase;
			buildActionMask = 2147483647;
			files = (
			);
			runOnlyForDeploymentPostprocessing = 0;
		};
		C0B5AC3C1BE21B8400F60B0F /* Resources */ = {
			isa = PBXResourcesBuildPhase;
			buildActionMask = 2147483647;
			files = (
			);
			runOnlyForDeploymentPostprocessing = 0;
		};
/* End PBXResourcesBuildPhase section */

/* Begin PBXShellScriptBuildPhase section */
		4B8480031561B4AA582283EA /* Copy Pods Resources */ = {
			isa = PBXShellScriptBuildPhase;
			buildActionMask = 2147483647;
			files = (
			);
			inputPaths = (
			);
			name = "Copy Pods Resources";
			outputPaths = (
			);
			runOnlyForDeploymentPostprocessing = 0;
			shellPath = /bin/sh;
			shellScript = "\"${SRCROOT}/Pods/Target Support Files/Pods-example/Pods-example-resources.sh\"\n";
			showEnvVarsInLog = 0;
		};
		C11147F49BE6978FFCD676E6 /* Check Pods Manifest.lock */ = {
			isa = PBXShellScriptBuildPhase;
			buildActionMask = 2147483647;
			files = (
			);
			inputPaths = (
			);
			name = "Check Pods Manifest.lock";
			outputPaths = (
			);
			runOnlyForDeploymentPostprocessing = 0;
			shellPath = /bin/sh;
			shellScript = "diff \"${PODS_ROOT}/../Podfile.lock\" \"${PODS_ROOT}/Manifest.lock\" > /dev/null\nif [[ $? != 0 ]] ; then\n    cat << EOM\nerror: The sandbox is not in sync with the Podfile.lock. Run 'pod install' or update your CocoaPods installation.\nEOM\n    exit 1\nfi\n";
			showEnvVarsInLog = 0;
		};
		F372C844E8233BD2B5F9FF34 /* Embed Pods Frameworks */ = {
			isa = PBXShellScriptBuildPhase;
			buildActionMask = 2147483647;
			files = (
			);
			inputPaths = (
			);
			name = "Embed Pods Frameworks";
			outputPaths = (
			);
			runOnlyForDeploymentPostprocessing = 0;
			shellPath = /bin/sh;
			shellScript = "\"${SRCROOT}/Pods/Target Support Files/Pods-example/Pods-example-frameworks.sh\"\n";
			showEnvVarsInLog = 0;
		};
/* End PBXShellScriptBuildPhase section */

/* Begin PBXSourcesBuildPhase section */
		C0B5AC161BE21B8400F60B0F /* Sources */ = {
			isa = PBXSourcesBuildPhase;
			buildActionMask = 2147483647;
			files = (
				C0B5AC251BE21B8400F60B0F /* ViewController.m in Sources */,
				C0B5AC221BE21B8400F60B0F /* AppDelegate.m in Sources */,
				C0B5AC1F1BE21B8400F60B0F /* main.m in Sources */,
			);
			runOnlyForDeploymentPostprocessing = 0;
		};
		C0B5AC2F1BE21B8400F60B0F /* Sources */ = {
			isa = PBXSourcesBuildPhase;
			buildActionMask = 2147483647;
			files = (
				C0B5AC381BE21B8400F60B0F /* exampleTests.m in Sources */,
			);
			runOnlyForDeploymentPostprocessing = 0;
		};
		C0B5AC3A1BE21B8400F60B0F /* Sources */ = {
			isa = PBXSourcesBuildPhase;
			buildActionMask = 2147483647;
			files = (
				C0B5AC431BE21B8400F60B0F /* exampleUITests.m in Sources */,
			);
			runOnlyForDeploymentPostprocessing = 0;
		};
/* End PBXSourcesBuildPhase section */

/* Begin PBXTargetDependency section */
		C0B5AC351BE21B8400F60B0F /* PBXTargetDependency */ = {
			isa = PBXTargetDependency;
			target = C0B5AC191BE21B8400F60B0F /* example */;
			targetProxy = C0B5AC341BE21B8400F60B0F /* PBXContainerItemProxy */;
		};
		C0B5AC401BE21B8400F60B0F /* PBXTargetDependency */ = {
			isa = PBXTargetDependency;
			target = C0B5AC191BE21B8400F60B0F /* example */;
			targetProxy = C0B5AC3F1BE21B8400F60B0F /* PBXContainerItemProxy */;
		};
/* End PBXTargetDependency section */

/* Begin PBXVariantGroup section */
		C0B5AC261BE21B8400F60B0F /* Main.storyboard */ = {
			isa = PBXVariantGroup;
			children = (
				C0B5AC271BE21B8400F60B0F /* Base */,
			);
			name = Main.storyboard;
			sourceTree = "<group>";
		};
/* End PBXVariantGroup section */

/* Begin XCBuildConfiguration section */
		C0B5AC451BE21B8400F60B0F /* Debug */ = {
			isa = XCBuildConfiguration;
			buildSettings = {
				ALWAYS_SEARCH_USER_PATHS = NO;
				CLANG_CXX_LANGUAGE_STANDARD = "gnu++0x";
				CLANG_CXX_LIBRARY = "libc++";
				CLANG_ENABLE_MODULES = YES;
				CLANG_ENABLE_OBJC_ARC = YES;
				CLANG_WARN_BOOL_CONVERSION = YES;
				CLANG_WARN_CONSTANT_CONVERSION = YES;
				CLANG_WARN_DIRECT_OBJC_ISA_USAGE = YES_ERROR;
				CLANG_WARN_EMPTY_BODY = YES;
				CLANG_WARN_ENUM_CONVERSION = YES;
				CLANG_WARN_INT_CONVERSION = YES;
				CLANG_WARN_OBJC_ROOT_CLASS = YES_ERROR;
				CLANG_WARN_UNREACHABLE_CODE = YES;
				CLANG_WARN__DUPLICATE_METHOD_MATCH = YES;
				"CODE_SIGN_IDENTITY[sdk=iphoneos*]" = "iPhone Developer";
				COPY_PHASE_STRIP = NO;
				DEBUG_INFORMATION_FORMAT = dwarf;
				ENABLE_STRICT_OBJC_MSGSEND = YES;
				ENABLE_TESTABILITY = YES;
				GCC_C_LANGUAGE_STANDARD = gnu99;
				GCC_DYNAMIC_NO_PIC = NO;
				GCC_NO_COMMON_BLOCKS = YES;
				GCC_OPTIMIZATION_LEVEL = 0;
				GCC_PREPROCESSOR_DEFINITIONS = (
					"DEBUG=1",
					"$(inherited)",
				);
				GCC_WARN_64_TO_32_BIT_CONVERSION = YES;
				GCC_WARN_ABOUT_RETURN_TYPE = YES_ERROR;
				GCC_WARN_UNDECLARED_SELECTOR = YES;
				GCC_WARN_UNINITIALIZED_AUTOS = YES_AGGRESSIVE;
				GCC_WARN_UNUSED_FUNCTION = YES;
				GCC_WARN_UNUSED_VARIABLE = YES;
				IPHONEOS_DEPLOYMENT_TARGET = 9.0;
				MTL_ENABLE_DEBUG_INFO = YES;
				ONLY_ACTIVE_ARCH = YES;
				SDKROOT = iphoneos;
			};
			name = Debug;
		};
		C0B5AC461BE21B8400F60B0F /* Release */ = {
			isa = XCBuildConfiguration;
			buildSettings = {
				ALWAYS_SEARCH_USER_PATHS = NO;
				CLANG_CXX_LANGUAGE_STANDARD = "gnu++0x";
				CLANG_CXX_LIBRARY = "libc++";
				CLANG_ENABLE_MODULES = YES;
				CLANG_ENABLE_OBJC_ARC = YES;
				CLANG_WARN_BOOL_CONVERSION = YES;
				CLANG_WARN_CONSTANT_CONVERSION = YES;
				CLANG_WARN_DIRECT_OBJC_ISA_USAGE = YES_ERROR;
				CLANG_WARN_EMPTY_BODY = YES;
				CLANG_WARN_ENUM_CONVERSION = YES;
				CLANG_WARN_INT_CONVERSION = YES;
				CLANG_WARN_OBJC_ROOT_CLASS = YES_ERROR;
				CLANG_WARN_UNREACHABLE_CODE = YES;
				CLANG_WARN__DUPLICATE_METHOD_MATCH = YES;
				"CODE_SIGN_IDENTITY[sdk=iphoneos*]" = "iPhone Developer";
				COPY_PHASE_STRIP = NO;
				DEBUG_INFORMATION_FORMAT = "dwarf-with-dsym";
				ENABLE_NS_ASSERTIONS = NO;
				ENABLE_STRICT_OBJC_MSGSEND = YES;
				GCC_C_LANGUAGE_STANDARD = gnu99;
				GCC_NO_COMMON_BLOCKS = YES;
				GCC_WARN_64_TO_32_BIT_CONVERSION = YES;
				GCC_WARN_ABOUT_RETURN_TYPE = YES_ERROR;
				GCC_WARN_UNDECLARED_SELECTOR = YES;
				GCC_WARN_UNINITIALIZED_AUTOS = YES_AGGRESSIVE;
				GCC_WARN_UNUSED_FUNCTION = YES;
				GCC_WARN_UNUSED_VARIABLE = YES;
				IPHONEOS_DEPLOYMENT_TARGET = 9.0;
				MTL_ENABLE_DEBUG_INFO = NO;
				SDKROOT = iphoneos;
				VALIDATE_PRODUCT = YES;
			};
			name = Release;
		};
		C0B5AC481BE21B8400F60B0F /* Debug */ = {
			isa = XCBuildConfiguration;
			baseConfigurationReference = ECFC8869633209264BEB7D18 /* Pods-example.debug.xcconfig */;
			buildSettings = {
				ASSETCATALOG_COMPILER_APPICON_NAME = AppIcon;
				INFOPLIST_FILE = example/Info.plist;
				IPHONEOS_DEPLOYMENT_TARGET = 7.0;
				LD_RUNPATH_SEARCH_PATHS = "$(inherited) @executable_path/Frameworks";
				PRODUCT_BUNDLE_IDENTIFIER = com.tarolib.example;
				PRODUCT_NAME = "$(TARGET_NAME)";
			};
			name = Debug;
		};
		C0B5AC491BE21B8400F60B0F /* Release */ = {
			isa = XCBuildConfiguration;
			baseConfigurationReference = D5B3D1711E79B8A252AC4443 /* Pods-example.release.xcconfig */;
			buildSettings = {
				ASSETCATALOG_COMPILER_APPICON_NAME = AppIcon;
				INFOPLIST_FILE = example/Info.plist;
				IPHONEOS_DEPLOYMENT_TARGET = 7.0;
				LD_RUNPATH_SEARCH_PATHS = "$(inherited) @executable_path/Frameworks";
				PRODUCT_BUNDLE_IDENTIFIER = com.tarolib.example;
				PRODUCT_NAME = "$(TARGET_NAME)";
			};
			name = Release;
		};
		C0B5AC4B1BE21B8400F60B0F /* Debug */ = {
			isa = XCBuildConfiguration;
			buildSettings = {
				BUNDLE_LOADER = "$(TEST_HOST)";
				INFOPLIST_FILE = exampleTests/Info.plist;
				LD_RUNPATH_SEARCH_PATHS = "$(inherited) @executable_path/Frameworks @loader_path/Frameworks";
				PRODUCT_BUNDLE_IDENTIFIER = com.tarolib.exampleTests;
				PRODUCT_NAME = "$(TARGET_NAME)";
				TEST_HOST = "$(BUILT_PRODUCTS_DIR)/example.app/example";
			};
			name = Debug;
		};
		C0B5AC4C1BE21B8400F60B0F /* Release */ = {
			isa = XCBuildConfiguration;
			buildSettings = {
				BUNDLE_LOADER = "$(TEST_HOST)";
				INFOPLIST_FILE = exampleTests/Info.plist;
				LD_RUNPATH_SEARCH_PATHS = "$(inherited) @executable_path/Frameworks @loader_path/Frameworks";
				PRODUCT_BUNDLE_IDENTIFIER = com.tarolib.exampleTests;
				PRODUCT_NAME = "$(TARGET_NAME)";
				TEST_HOST = "$(BUILT_PRODUCTS_DIR)/example.app/example";
			};
			name = Release;
		};
		C0B5AC4E1BE21B8400F60B0F /* Debug */ = {
			isa = XCBuildConfiguration;
			buildSettings = {
				INFOPLIST_FILE = exampleUITests/Info.plist;
				LD_RUNPATH_SEARCH_PATHS = "$(inherited) @executable_path/Frameworks @loader_path/Frameworks";
				PRODUCT_BUNDLE_IDENTIFIER = com.tarolib.exampleUITests;
				PRODUCT_NAME = "$(TARGET_NAME)";
				TEST_TARGET_NAME = example;
				USES_XCTRUNNER = YES;
			};
			name = Debug;
		};
		C0B5AC4F1BE21B8400F60B0F /* Release */ = {
			isa = XCBuildConfiguration;
			buildSettings = {
				INFOPLIST_FILE = exampleUITests/Info.plist;
				LD_RUNPATH_SEARCH_PATHS = "$(inherited) @executable_path/Frameworks @loader_path/Frameworks";
				PRODUCT_BUNDLE_IDENTIFIER = com.tarolib.exampleUITests;
				PRODUCT_NAME = "$(TARGET_NAME)";
				TEST_TARGET_NAME = example;
				USES_XCTRUNNER = YES;
			};
			name = Release;
		};
/* End XCBuildConfiguration section */

/* Begin XCConfigurationList section */
		C0B5AC151BE21B8400F60B0F /* Build configuration list for PBXProject "example" */ = {
			isa = XCConfigurationList;
			buildConfigurations = (
				C0B5AC451BE21B8400F60B0F /* Debug */,
				C0B5AC461BE21B8400F60B0F /* Release */,
			);
			defaultConfigurationIsVisible = 0;
			defaultConfigurationName = Release;
		};
		C0B5AC471BE21B8400F60B0F /* Build configuration list for PBXNativeTarget "example" */ = {
			isa = XCConfigurationList;
			buildConfigurations = (
				C0B5AC481BE21B8400F60B0F /* Debug */,
				C0B5AC491BE21B8400F60B0F /* Release */,
			);
			defaultConfigurationIsVisible = 0;
			defaultConfigurationName = Release;
		};
		C0B5AC4A1BE21B8400F60B0F /* Build configuration list for PBXNativeTarget "exampleTests" */ = {
			isa = XCConfigurationList;
			buildConfigurations = (
				C0B5AC4B1BE21B8400F60B0F /* Debug */,
				C0B5AC4C1BE21B8400F60B0F /* Release */,
			);
			defaultConfigurationIsVisible = 0;
			defaultConfigurationName = Release;
		};
		C0B5AC4D1BE21B8400F60B0F /* Build configuration list for PBXNativeTarget "exampleUITests" */ = {
			isa = XCConfigurationList;
			buildConfigurations = (
				C0B5AC4E1BE21B8400F60B0F /* Debug */,
				C0B5AC4F1BE21B8400F60B0F /* Release */,
			);
			defaultConfigurationIsVisible = 0;
			defaultConfigurationName = Release;
		};
/* End XCConfigurationList section */
	};
	rootObject = C0B5AC121BE21B8400F60B0F /* Project object */;
}
